
Microsoft Visual Studio Solution File, Format Version 12.00
# Visual Studio Version 16
VisualStudioVersion = 16.0.32413.511
MinimumVisualStudioVersion = 10.0.40219.1
Project("{FAE04EC0-301F-11D3-BF4B-00C04F79EFBC}") = "Laborator 13 - Exercitiu", "Laborator 13 - Exercitiu\Laborator 13 - Exercitiu.csproj", "{52FAD567-1F31-408D-B063-3A5DE2969B05}"
EndProject
Global
	GlobalSection(SolutionConfigurationPlatforms) = preSolution
		Debug|Any CPU = Debug|Any CPU
		Release|Any CPU = Release|Any CPU
	EndGlobalSection
	GlobalSection(ProjectConfigurationPlatforms) = postSolution
		{52FAD567-1F31-408D-B063-3A5DE2969B05}.Debug|Any CPU.ActiveCfg = Debug|Any CPU
		{52FAD567-1F31-408D-B063-3A5DE2969B05}.Debug|Any CPU.Build.0 = Debug|Any CPU
		{52FAD567-1F31-408D-B063-3A5DE2969B05}.Release|Any CPU.ActiveCfg = Release|Any CPU
		{52FAD567-1F31-408D-B063-3A5DE2969B05}.Release|Any CPU.Build.0 = Release|Any CPU
	EndGlobalSection
	GlobalSection(SolutionProperties) = preSolution
		HideSolutionNode = FALSE
	EndGlobalSection
	GlobalSection(ExtensibilityGlobals) = postSolution
		SolutionGuid = {FDACE82E-7E33-4AA8-B7EA-5BDE6571BC0B}
	EndGlobalSection
EndGlobal
